PODS:
  - device_info_plus (0.0.1):
    - Flutter
  - Flutter (1.0.0)
  - flutter_activity_recognition (0.0.1):
    - Flutter
  - geolocator_apple (1.2.0):
    - Flutter
    - FlutterMacOS
  - health (1.0.4):
    - Flutter
  - permission_handler_apple (9.3.0):
    - Flutter
  - sensors_plus (0.0.1):
    - Flutter
  - shared_preferences_foundation (0.0.1):
    - Flutter
    - FlutterMacOS

DEPENDENCIES:
  - device_info_plus (from `.symlinks/plugins/device_info_plus/ios`)
  - Flutter (from `Flutter`)
  - flutter_activity_recognition (from `.symlinks/plugins/flutter_activity_recognition/ios`)
  - geolocator_apple (from `.symlinks/plugins/geolocator_apple/darwin`)
  - health (from `.symlinks/plugins/health/ios`)
  - permission_handler_apple (from `.symlinks/plugins/permission_handler_apple/ios`)
  - sensors_plus (from `.symlinks/plugins/sensors_plus/ios`)
  - shared_preferences_foundation (from `.symlinks/plugins/shared_preferences_foundation/darwin`)

EXTERNAL SOURCES:
  device_info_plus:
    :path: ".symlinks/plugins/device_info_plus/ios"
  Flutter:
    :path: Flutter
  flutter_activity_recognition:
    :path: ".symlinks/plugins/flutter_activity_recognition/ios"
  geolocator_apple:
    :path: ".symlinks/plugins/geolocator_apple/darwin"
  health:
    :path: ".symlinks/plugins/health/ios"
  permission_handler_apple:
    :path: ".symlinks/plugins/permission_handler_apple/ios"
  sensors_plus:
    :path: ".symlinks/plugins/sensors_plus/ios"
  shared_preferences_foundation:
    :path: ".symlinks/plugins/shared_preferences_foundation/darwin"

SPEC CHECKSUMS:
  device_info_plus: 71ffc6ab7634ade6267c7a93088ed7e4f74e5896
  Flutter: e0871f40cf51350855a761d2e70bf5af5b9b5de7
  flutter_activity_recognition: 52dfad4c1e9cec99f0841b3ed0efcc9d424b3deb
  geolocator_apple: ab36aa0e8b7d7a2d7639b3b4e48308394e8cef5e
  health: a38a2b7480871e575ef403a8746cb2c08d20f1a4
  permission_handler_apple: 4ed2196e43d0651e8ff7ca3483a069d469701f2d
  sensors_plus: 1c5f0a01ce21c609a4df404c4e6879d62bce287f
  shared_preferences_foundation: 9e1978ff2562383bd5676f64ec4e9aa8fa06a6f7

PODFILE CHECKSUM: f33019e4e2c5873572eb27d960991fbe61ce030d

COCOAPODS: 1.16.2
